// !$*UTF8*$!
{
	archiveVersion = 1;
	classes = {
	};
	objectVersion = 48;
	objects = {

/* Begin PBXBuildFile section */
		8BDBAA9A2032AD1900AD3406 /* AppDelegate.swift in Sources */ = {isa = PBXBuildFile; fileRef = 8BDBAA992032AD1900AD3406 /* AppDelegate.swift */; };
		8BDBAA9C2032AD1900AD3406 /* ViewController.swift in Sources */ = {isa = PBXBuildFile; fileRef = 8BDBAA9B2032AD1900AD3406 /* ViewController.swift */; };
		8BDBAA9F2032AD1900AD3406 /* Main.storyboard in Resources */ = {isa = PBXBuildFile; fileRef = 8BDBAA9D2032AD1900AD3406 /* Main.storyboard */; };
		8BDBAAA12032AD1A00AD3406 /* Assets.xcassets in Resources */ = {isa = PBXBuildFile; fileRef = 8BDBAAA02032AD1A00AD3406 /* Assets.xcassets */; };
		8BDBAAA42032AD1A00AD3406 /* LaunchScreen.storyboard in Resources */ = {isa = PBXBuildFile; fileRef = 8BDBAAA22032AD1A00AD3406 /* LaunchScreen.storyboard */; };
/* End PBXBuildFile section */

/* Begin PBXFileReference section */
		8BDBAA962032AD1900AD3406 /* AdaptiveLayout.app */ = {isa = PBXFileReference; explicitFileType = wrapper.application; includeInIndex = 0; path = AdaptiveLayout.app; sourceTree = BUILT_PRODUCTS_DIR; };
		8BDBAA992032AD1900AD3406 /* AppDelegate.swift */ = {isa = PBXFileReference; lastKnownFileType = sourcecode.swift; path = AppDelegate.swift; sourceTree = "<group>"; };
		8BDBAA9B2032AD1900AD3406 /* ViewController.swift */ = {isa = PBXFileReference; lastKnownFileType = sourcecode.swift; path = ViewController.swift; sourceTree = "<group>"; };
		8BDBAA9E2032AD1900AD3406 /* Base */ = {isa = PBXFileReference; lastKnownFileType = file.storyboard; name = Base; path = Base.lproj/Main.storyboard; sourceTree = "<group>"; };
		8BDBAAA02032AD1A00AD3406 /* Assets.xcassets */ = {isa = PBXFileReference; lastKnownFileType = folder.assetcatalog; path = Assets.xcassets; sourceTree = "<group>"; };
		8BDBAAA32032AD1A00AD3406 /* Base */ = {isa = PBXFileReference; lastKnownFileType = file.storyboard; name = Base; path = Base.lproj/LaunchScreen.storyboard; sourceTree = "<group>"; };
		8BDBAAA52032AD1A00AD3406 /* Info.plist */ = {isa = PBXFileReference; lastKnownFileType = text.plist.xml; path = Info.plist; sourceTree = "<group>"; };
/* End PBXFileReference section */

/* Begin PBXFrameworksBuildPhase section */
		8BDBAA932032AD1900AD3406 /* Frameworks */ = {
			isa = PBXFrameworksBuildPhase;
			buildActionMask = 2147483647;
			files = (
			);
			runOnlyForDeploymentPostprocessing = 0;
		};
/* End PBXFrameworksBuildPhase section */

/* Begin PBXGroup section */
		8BDBAA8D2032AD1900AD3406 = {
			isa = PBXGroup;
			children = (
				8BDBAA982032AD1900AD3406 /* AdaptiveLayout */,
				8BDBAA972032AD1900AD3406 /* Products */,
			);
			sourceTree = "<group>";
		};
		8BDBAA972032AD1900AD3406 /* Products */ = {
			isa = PBXGroup;
			children = (
				8BDBAA962032AD1900AD3406 /* AdaptiveLayout.app */,
			);
			name = Products;
			sourceTree = "<group>";
		};
		8BDBAA982032AD1900AD3406 /* AdaptiveLayout */ = {
			isa = PBXGroup;
			children = (
				8BDBAA992032AD1900AD3406 /* AppDelegate.swift */,
				8BDBAA9B2032AD1900AD3406 /* ViewController.swift */,
				8BDBAA9D2032AD1900AD3406 /* Main.storyboard */,
				8BDBAAA02032AD1A00AD3406 /* Assets.xcassets */,
				8BDBAAA22032AD1A00AD3406 /* LaunchScreen.storyboard */,
				8BDBAAA52032AD1A00AD3406 /* Info.plist */,
			);
			path = AdaptiveLayout;
			sourceTree = "<group>";
		};
/* End PBXGroup section */

/* Begin PBXNativeTarget section */
		8BDBAA952032AD1900AD3406 /* AdaptiveLayout */ = {
			isa = PBXNativeTarget;
			buildConfigurationList = 8BDBAAA82032AD1A00AD3406 /* Build configuration list for PBXNativeTarget "AdaptiveLayout" */;
			buildPhases = (
				8BDBAA922032AD1900AD3406 /* Sources */,
				8BDBAA932032AD1900AD3406 /* Frameworks */,
				8BDBAA942032AD1900AD3406 /* Resources */,
			);
			buildRules = (
			);
			dependencies = (
			);
			name = AdaptiveLayout;
			productName = AdaptiveLayout;
			productReference = 8BDBAA962032AD1900AD3406 /* AdaptiveLayout.app */;
			productType = "com.apple.product-type.application";
		};
/* End PBXNativeTarget section */

/* Begin PBXProject section */
		8BDBAA8E2032AD1900AD3406 /* Project object */ = {
			isa = PBXProject;
			attributes = {
				LastSwiftUpdateCheck = 0920;
				LastUpgradeCheck = 0920;
				ORGANIZATIONNAME = Codekul;
				TargetAttributes = {
					8BDBAA952032AD1900AD3406 = {
						CreatedOnToolsVersion = 9.2;
						ProvisioningStyle = Automatic;
					};
				};
			};
			buildConfigurationList = 8BDBAA912032AD1900AD3406 /* Build configuration list for PBXProject "AdaptiveLayout" */;
			compatibilityVersion = "Xcode 8.0";
			developmentRegion = en;
			hasScannedForEncodings = 0;
			knownRegions = (
				en,
				Base,
			);
			mainGroup = 8BDBAA8D2032AD1900AD3406;
			productRefGroup = 8BDBAA972032AD1900AD3406 /* Products */;
			projectDirPath = "";
			projectRoot = "";
			targets = (
				8BDBAA952032AD1900AD3406 /* AdaptiveLayout */,
			);
		};
/* End PBXProject section */

/* Begin PBXResourcesBuildPhase section */
		8BDBAA942032AD1900AD3406 /* Resources */ = {
			isa = PBXResourcesBuildPhase;
			buildActionMask = 2147483647;
			files = (
				8BDBAAA42032AD1A00AD3406 /* LaunchScreen.storyboard in Resources */,
				8BDBAAA12032AD1A00AD3406 /* Assets.xcassets in Resources */,
				8BDBAA9F2032AD1900AD3406 /* Main.storyboard in Resources */,
			);
			runOnlyForDeploymentPostprocessing = 0;
		};
/* End PBXResourcesBuildPhase section */

/* Begin PBXSourcesBuildPhase section */
		8BDBAA922032AD1900AD3406 /* Sources */ = {
			isa = PBXSourcesBuildPhase;
			buildActionMask = 2147483647;
			files = (
				8BDBAA9C2032AD1900AD3406 /* ViewController.swift in Sources */,
				8BDBAA9A2032AD1900AD3406 /* AppDelegate.swift in Sources */,
			);
			runOnlyForDeploymentPostprocessing = 0;
		};
/* End PBXSourcesBuildPhase section */

/* Begin PBXVariantGroup section */
		8BDBAA9D2032AD1900AD3406 /* Main.storyboard */ = {
			isa = PBXVariantGroup;
			children = (
				8BDBAA9E2032AD1900AD3406 /* Base */,
			);
			name = Main.storyboard;
			sourceTree = "<group>";
		};
		8BDBAAA22032AD1A00AD3406 /* LaunchScreen.storyboard */ = {
			isa = PBXVariantGroup;
			children = (
				8BDBAAA32032AD1A00AD3406 /* Base */,
			);
			name = LaunchScreen.storyboard;
			sourceTree = "<group>";
		};
/* End PBXVariantGroup section */

/* Begin XCBuildConfiguration section */
		8BDBAAA62032AD1A00AD3406 /* Debug */ = {
			isa = XCBuildConfiguration;
			buildSettings = {
				ALWAYS_SEARCH_USER_PATHS = NO;
				CLANG_ANALYZER_NONNULL = YES;
				CLANG_ANALYZER_NUMBER_OBJECT_CONVERSION = YES_AGGRESSIVE;
				CLANG_CXX_LANGUAGE_STANDARD = "gnu++14";
				CLANG_CXX_LIBRARY = "libc++";
				CLANG_ENABLE_MODULES = YES;
				CLANG_ENABLE_OBJC_ARC = YES;
				CLANG_WARN_BLOCK_CAPTURE_AUTORELEASING = YES;
				CLANG_WARN_BOOL_CONVERSION = YES;
				CLANG_WARN_COMMA = YES;
				CLANG_WARN_CONSTANT_CONVERSION = YES;
				CLANG_WARN_DIRECT_OBJC_ISA_USAGE = YES_ERROR;
				CLANG_WARN_DOCUMENTATION_COMMENTS = YES;
				CLANG_WARN_EMPTY_BODY = YES;
				CLANG_WARN_ENUM_CONVERSION = YES;
				CLANG_WARN_INFINITE_RECURSION = YES;
				CLANG_WARN_INT_CONVERSION = YES;
				CLANG_WARN_NON_LITERAL_NULL_CONVERSION = YES;
				CLANG_WARN_OBJC_LITERAL_CONVERSION = YES;
				CLANG_WARN_OBJC_ROOT_CLASS = YES_ERROR;
				CLANG_WARN_RANGE_LOOP_ANALYSIS = YES;
				CLANG_WARN_STRICT_PROTOTYPES = YES;
				CLANG_WARN_SUSPICIOUS_MOVE = YES;
				CLANG_WARN_UNGUARDED_AVAILABILITY = YES_AGGRESSIVE;
				CLANG_WARN_UNREACHABLE_CODE = YES;
				CLANG_WARN__DUPLICATE_METHOD_MATCH = YES;
				CODE_SIGN_IDENTITY = "iPhone Developer";
				COPY_PHASE_STRIP = NO;
				DEBUG_INFORMATION_FORMAT = dwarf;
				ENABLE_STRICT_OBJC_MSGSEND = YES;
				ENABLE_TESTABILITY = YES;
				GCC_C_LANGUAGE_STANDARD = gnu11;
				GCC_DYNAMIC_NO_PIC = NO;
				GCC_NO_COMMON_BLOCKS = YES;
				GCC_OPTIMIZATION_LEVEL = 0;
				GCC_PREPROCESSOR_DEFINITIONS = (
					"DEBUG=1",
					"$(inherited)",
				);
				GCC_WARN_64_TO_32_BIT_CONVERSION = YES;
				GCC_WARN_ABOUT_RETURN_TYPE = YES_ERROR;
				GCC_WARN_UNDECLARED_SELECTOR = YES;
				GCC_WARN_UNINITIALIZED_AUTOS = YES_AGGRESSIVE;
				GCC_WARN_UNUSED_FUNCTION = YES;
				GCC_WARN_UNUSED_VARIABLE = YES;
				IPHONEOS_DEPLOYMENT_TARGET = 11.2;
				MTL_ENABLE_DEBUG_INFO = YES;
				ONLY_ACTIVE_ARCH = YES;
				SDKROOT = iphoneos;
				SWIFT_ACTIVE_COMPILATION_CONDITIONS = DEBUG;
				SWIFT_OPTIMIZATION_LEVEL = "-Onone";
			};
			name = Debug;
		};
		8BDBAAA72032AD1A00AD3406 /* Release */ = {
			isa = XCBuildConfiguration;
			buildSettings = {
				ALWAYS_SEARCH_USER_PATHS = NO;
				CLANG_ANALYZER_NONNULL = YES;
				CLANG_ANALYZER_NUMBER_OBJECT_CONVERSION = YES_AGGRESSIVE;
				CLANG_CXX_LANGUAGE_STANDARD = "gnu++14";
				CLANG_CXX_LIBRARY = "libc++";
				CLANG_ENABLE_MODULES = YES;
				CLANG_ENABLE_OBJC_ARC = YES;
				CLANG_WARN_BLOCK_CAPTURE_AUTORELEASING = YES;
				CLANG_WARN_BOOL_CONVERSION = YES;
				CLANG_WARN_COMMA = YES;
				CLANG_WARN_CONSTANT_CONVERSION = YES;
				CLANG_WARN_DIRECT_OBJC_ISA_USAGE = YES_ERROR;
				CLANG_WARN_DOCUMENTATION_COMMENTS = YES;
				CLANG_WARN_EMPTY_BODY = YES;
				CLANG_WARN_ENUM_CONVERSION = YES;
				CLANG_WARN_INFINITE_RECURSION = YES;
				CLANG_WARN_INT_CONVERSION = YES;
				CLANG_WARN_NON_LITERAL_NULL_CONVERSION = YES;
				CLANG_WARN_OBJC_LITERAL_CONVERSION = YES;
				CLANG_WARN_OBJC_ROOT_CLASS = YES_ERROR;
				CLANG_WARN_RANGE_LOOP_ANALYSIS = YES;
				CLANG_WARN_STRICT_PROTOTYPES = YES;
				CLANG_WARN_SUSPICIOUS_MOVE = YES;
				CLANG_WARN_UNGUARDED_AVAILABILITY = YES_AGGRESSIVE;
				CLANG_WARN_UNREACHABLE_CODE = YES;
				CLANG_WARN__DUPLICATE_METHOD_MATCH = YES;
				CODE_SIGN_IDENTITY = "iPhone Developer";
				COPY_PHASE_STRIP = NO;
				DEBUG_INFORMATION_FORMAT = "dwarf-with-dsym";
				ENABLE_NS_ASSERTIONS = NO;
				ENABLE_STRICT_OBJC_MSGSEND = YES;
				GCC_C_LANGUAGE_STANDARD = gnu11;
				GCC_NO_COMMON_BLOCKS = YES;
				GCC_WARN_64_TO_32_BIT_CONVERSION = YES;
				GCC_WARN_ABOUT_RETURN_TYPE = YES_ERROR;
				GCC_WARN_UNDECLARED_SELECTOR = YES;
				GCC_WARN_UNINITIALIZED_AUTOS = YES_AGGRESSIVE;
				GCC_WARN_UNUSED_FUNCTION = YES;
				GCC_WARN_UNUSED_VARIABLE = YES;
				IPHONEOS_DEPLOYMENT_TARGET = 11.2;
				MTL_ENABLE_DEBUG_INFO = NO;
				SDKROOT = iphoneos;
				SWIFT_OPTIMIZATION_LEVEL = "-Owholemodule";
				VALIDATE_PRODUCT = YES;
			};
			name = Release;
		};
		8BDBAAA92032AD1A00AD3406 /* Debug */ = {
			isa = XCBuildConfiguration;
			buildSettings = {
				ASSETCATALOG_COMPILER_APPICON_NAME = AppIcon;
				CODE_SIGN_STYLE = Automatic;
				INFOPLIST_FILE = AdaptiveLayout/Info.plist;
				LD_RUNPATH_SEARCH_PATHS = "$(inherited) @executable_path/Frameworks";
				PRODUCT_BUNDLE_IDENTIFIER = com.codekul.AdaptiveLayout;
				PRODUCT_NAME = "$(TARGET_NAME)";
				SWIFT_VERSION = 4.0;
				TARGETED_DEVICE_FAMILY = "1,2";
			};
			name = Debug;
		};
		8BDBAAAA2032AD1A00AD3406 /* Release */ = {
			isa = XCBuildConfiguration;
			buildSettings = {
				ASSETCATALOG_COMPILER_APPICON_NAME = AppIcon;
				CODE_SIGN_STYLE = Automatic;
				INFOPLIST_FILE = AdaptiveLayout/Info.plist;
				LD_RUNPATH_SEARCH_PATHS = "$(inherited) @executable_path/Frameworks";
				PRODUCT_BUNDLE_IDENTIFIER = com.codekul.AdaptiveLayout;
				PRODUCT_NAME = "$(TARGET_NAME)";
				SWIFT_VERSION = 4.0;
				TARGETED_DEVICE_FAMILY = "1,2";
			};
			name = Release;
		};
/* End XCBuildConfiguration section */

/* Begin XCConfigurationList section */
		8BDBAA912032AD1900AD3406 /* Build configuration list for PBXProject "AdaptiveLayout" */ = {
			isa = XCConfigurationList;
			buildConfigurations = (
				8BDBAAA62032AD1A00AD3406 /* Debug */,
				8BDBAAA72032AD1A00AD3406 /* Release */,
			);
			defaultConfigurationIsVisible = 0;
			defaultConfigurationName = Release;
		};
		8BDBAAA82032AD1A00AD3406 /* Build configuration list for PBXNativeTarget "AdaptiveLayout" */ = {
			isa = XCConfigurationList;
			buildConfigurations = (
				8BDBAAA92032AD1A00AD3406 /* Debug */,
				8BDBAAAA2032AD1A00AD3406 /* Release */,
			);
			defaultConfigurationIsVisible = 0;
			defaultConfigurationName = Release;
		};
/* End XCConfigurationList section */
	};
	rootObject = 8BDBAA8E2032AD1900AD3406 /* Project object */;
}
