// !$*UTF8*$!
{
	archiveVersion = 1;
	classes = {
	};
	objectVersion = 48;
	objects = {

/* Begin PBXBuildFile section */
		8BCA7AEE202186D800E98685 /* AppDelegate.swift in Sources */ = {isa = PBXBuildFile; fileRef = 8BCA7AED202186D800E98685 /* AppDelegate.swift */; };
		8BCA7AF0202186D900E98685 /* ViewController.swift in Sources */ = {isa = PBXBuildFile; fileRef = 8BCA7AEF202186D900E98685 /* ViewController.swift */; };
		8BCA7AF3202186D900E98685 /* Main.storyboard in Resources */ = {isa = PBXBuildFile; fileRef = 8BCA7AF1202186D900E98685 /* Main.storyboard */; };
		8BCA7AF5202186D900E98685 /* Assets.xcassets in Resources */ = {isa = PBXBuildFile; fileRef = 8BCA7AF4202186D900E98685 /* Assets.xcassets */; };
		8BCA7AF8202186D900E98685 /* LaunchScreen.storyboard in Resources */ = {isa = PBXBuildFile; fileRef = 8BCA7AF6202186D900E98685 /* LaunchScreen.storyboard */; };
		8BCA7B002021887000E98685 /* MyTableViewCell.swift in Sources */ = {isa = PBXBuildFile; fileRef = 8BCA7AFF2021887000E98685 /* MyTableViewCell.swift */; };
		8BCA7B0220218B4300E98685 /* Player.swift in Sources */ = {isa = PBXBuildFile; fileRef = 8BCA7B0120218B4300E98685 /* Player.swift */; };
/* End PBXBuildFile section */

/* Begin PBXFileReference section */
		8BCA7AEA202186D800E98685 /* CustomeCellDemo.app */ = {isa = PBXFileReference; explicitFileType = wrapper.application; includeInIndex = 0; path = CustomeCellDemo.app; sourceTree = BUILT_PRODUCTS_DIR; };
		8BCA7AED202186D800E98685 /* AppDelegate.swift */ = {isa = PBXFileReference; lastKnownFileType = sourcecode.swift; path = AppDelegate.swift; sourceTree = "<group>"; };
		8BCA7AEF202186D900E98685 /* ViewController.swift */ = {isa = PBXFileReference; lastKnownFileType = sourcecode.swift; path = ViewController.swift; sourceTree = "<group>"; };
		8BCA7AF2202186D900E98685 /* Base */ = {isa = PBXFileReference; lastKnownFileType = file.storyboard; name = Base; path = Base.lproj/Main.storyboard; sourceTree = "<group>"; };
		8BCA7AF4202186D900E98685 /* Assets.xcassets */ = {isa = PBXFileReference; lastKnownFileType = folder.assetcatalog; path = Assets.xcassets; sourceTree = "<group>"; };
		8BCA7AF7202186D900E98685 /* Base */ = {isa = PBXFileReference; lastKnownFileType = file.storyboard; name = Base; path = Base.lproj/LaunchScreen.storyboard; sourceTree = "<group>"; };
		8BCA7AF9202186D900E98685 /* Info.plist */ = {isa = PBXFileReference; lastKnownFileType = text.plist.xml; path = Info.plist; sourceTree = "<group>"; };
		8BCA7AFF2021887000E98685 /* MyTableViewCell.swift */ = {isa = PBXFileReference; lastKnownFileType = sourcecode.swift; path = MyTableViewCell.swift; sourceTree = "<group>"; };
		8BCA7B0120218B4300E98685 /* Player.swift */ = {isa = PBXFileReference; lastKnownFileType = sourcecode.swift; path = Player.swift; sourceTree = "<group>"; };
/* End PBXFileReference section */

/* Begin PBXFrameworksBuildPhase section */
		8BCA7AE7202186D800E98685 /* Frameworks */ = {
			isa = PBXFrameworksBuildPhase;
			buildActionMask = 2147483647;
			files = (
			);
			runOnlyForDeploymentPostprocessing = 0;
		};
/* End PBXFrameworksBuildPhase section */

/* Begin PBXGroup section */
		8BCA7AE1202186D800E98685 = {
			isa = PBXGroup;
			children = (
				8BCA7AEC202186D800E98685 /* CustomeCellDemo */,
				8BCA7AEB202186D800E98685 /* Products */,
			);
			sourceTree = "<group>";
		};
		8BCA7AEB202186D800E98685 /* Products */ = {
			isa = PBXGroup;
			children = (
				8BCA7AEA202186D800E98685 /* CustomeCellDemo.app */,
			);
			name = Products;
			sourceTree = "<group>";
		};
		8BCA7AEC202186D800E98685 /* CustomeCellDemo */ = {
			isa = PBXGroup;
			children = (
				8BCA7AED202186D800E98685 /* AppDelegate.swift */,
				8BCA7AEF202186D900E98685 /* ViewController.swift */,
				8BCA7B0120218B4300E98685 /* Player.swift */,
				8BCA7AFF2021887000E98685 /* MyTableViewCell.swift */,
				8BCA7AF1202186D900E98685 /* Main.storyboard */,
				8BCA7AF4202186D900E98685 /* Assets.xcassets */,
				8BCA7AF6202186D900E98685 /* LaunchScreen.storyboard */,
				8BCA7AF9202186D900E98685 /* Info.plist */,
			);
			path = CustomeCellDemo;
			sourceTree = "<group>";
		};
/* End PBXGroup section */

/* Begin PBXNativeTarget section */
		8BCA7AE9202186D800E98685 /* CustomeCellDemo */ = {
			isa = PBXNativeTarget;
			buildConfigurationList = 8BCA7AFC202186D900E98685 /* Build configuration list for PBXNativeTarget "CustomeCellDemo" */;
			buildPhases = (
				8BCA7AE6202186D800E98685 /* Sources */,
				8BCA7AE7202186D800E98685 /* Frameworks */,
				8BCA7AE8202186D800E98685 /* Resources */,
			);
			buildRules = (
			);
			dependencies = (
			);
			name = CustomeCellDemo;
			productName = CustomeCellDemo;
			productReference = 8BCA7AEA202186D800E98685 /* CustomeCellDemo.app */;
			productType = "com.apple.product-type.application";
		};
/* End PBXNativeTarget section */

/* Begin PBXProject section */
		8BCA7AE2202186D800E98685 /* Project object */ = {
			isa = PBXProject;
			attributes = {
				LastSwiftUpdateCheck = 0920;
				LastUpgradeCheck = 0920;
				ORGANIZATIONNAME = Codekul;
				TargetAttributes = {
					8BCA7AE9202186D800E98685 = {
						CreatedOnToolsVersion = 9.2;
						ProvisioningStyle = Automatic;
					};
				};
			};
			buildConfigurationList = 8BCA7AE5202186D800E98685 /* Build configuration list for PBXProject "CustomeCellDemo" */;
			compatibilityVersion = "Xcode 8.0";
			developmentRegion = en;
			hasScannedForEncodings = 0;
			knownRegions = (
				en,
				Base,
			);
			mainGroup = 8BCA7AE1202186D800E98685;
			productRefGroup = 8BCA7AEB202186D800E98685 /* Products */;
			projectDirPath = "";
			projectRoot = "";
			targets = (
				8BCA7AE9202186D800E98685 /* CustomeCellDemo */,
			);
		};
/* End PBXProject section */

/* Begin PBXResourcesBuildPhase section */
		8BCA7AE8202186D800E98685 /* Resources */ = {
			isa = PBXResourcesBuildPhase;
			buildActionMask = 2147483647;
			files = (
				8BCA7AF8202186D900E98685 /* LaunchScreen.storyboard in Resources */,
				8BCA7AF5202186D900E98685 /* Assets.xcassets in Resources */,
				8BCA7AF3202186D900E98685 /* Main.storyboard in Resources */,
			);
			runOnlyForDeploymentPostprocessing = 0;
		};
/* End PBXResourcesBuildPhase section */

/* Begin PBXSourcesBuildPhase section */
		8BCA7AE6202186D800E98685 /* Sources */ = {
			isa = PBXSourcesBuildPhase;
			buildActionMask = 2147483647;
			files = (
				8BCA7B0220218B4300E98685 /* Player.swift in Sources */,
				8BCA7AF0202186D900E98685 /* ViewController.swift in Sources */,
				8BCA7AEE202186D800E98685 /* AppDelegate.swift in Sources */,
				8BCA7B002021887000E98685 /* MyTableViewCell.swift in Sources */,
			);
			runOnlyForDeploymentPostprocessing = 0;
		};
/* End PBXSourcesBuildPhase section */

/* Begin PBXVariantGroup section */
		8BCA7AF1202186D900E98685 /* Main.storyboard */ = {
			isa = PBXVariantGroup;
			children = (
				8BCA7AF2202186D900E98685 /* Base */,
			);
			name = Main.storyboard;
			sourceTree = "<group>";
		};
		8BCA7AF6202186D900E98685 /* LaunchScreen.storyboard */ = {
			isa = PBXVariantGroup;
			children = (
				8BCA7AF7202186D900E98685 /* Base */,
			);
			name = LaunchScreen.storyboard;
			sourceTree = "<group>";
		};
/* End PBXVariantGroup section */

/* Begin XCBuildConfiguration section */
		8BCA7AFA202186D900E98685 /* Debug */ = {
			isa = XCBuildConfiguration;
			buildSettings = {
				ALWAYS_SEARCH_USER_PATHS = NO;
				CLANG_ANALYZER_NONNULL = YES;
				CLANG_ANALYZER_NUMBER_OBJECT_CONVERSION = YES_AGGRESSIVE;
				CLANG_CXX_LANGUAGE_STANDARD = "gnu++14";
				CLANG_CXX_LIBRARY = "libc++";
				CLANG_ENABLE_MODULES = YES;
				CLANG_ENABLE_OBJC_ARC = YES;
				CLANG_WARN_BLOCK_CAPTURE_AUTORELEASING = YES;
				CLANG_WARN_BOOL_CONVERSION = YES;
				CLANG_WARN_COMMA = YES;
				CLANG_WARN_CONSTANT_CONVERSION = YES;
				CLANG_WARN_DIRECT_OBJC_ISA_USAGE = YES_ERROR;
				CLANG_WARN_DOCUMENTATION_COMMENTS = YES;
				CLANG_WARN_EMPTY_BODY = YES;
				CLANG_WARN_ENUM_CONVERSION = YES;
				CLANG_WARN_INFINITE_RECURSION = YES;
				CLANG_WARN_INT_CONVERSION = YES;
				CLANG_WARN_NON_LITERAL_NULL_CONVERSION = YES;
				CLANG_WARN_OBJC_LITERAL_CONVERSION = YES;
				CLANG_WARN_OBJC_ROOT_CLASS = YES_ERROR;
				CLANG_WARN_RANGE_LOOP_ANALYSIS = YES;
				CLANG_WARN_STRICT_PROTOTYPES = YES;
				CLANG_WARN_SUSPICIOUS_MOVE = YES;
				CLANG_WARN_UNGUARDED_AVAILABILITY = YES_AGGRESSIVE;
				CLANG_WARN_UNREACHABLE_CODE = YES;
				CLANG_WARN__DUPLICATE_METHOD_MATCH = YES;
				CODE_SIGN_IDENTITY = "iPhone Developer";
				COPY_PHASE_STRIP = NO;
				DEBUG_INFORMATION_FORMAT = dwarf;
				ENABLE_STRICT_OBJC_MSGSEND = YES;
				ENABLE_TESTABILITY = YES;
				GCC_C_LANGUAGE_STANDARD = gnu11;
				GCC_DYNAMIC_NO_PIC = NO;
				GCC_NO_COMMON_BLOCKS = YES;
				GCC_OPTIMIZATION_LEVEL = 0;
				GCC_PREPROCESSOR_DEFINITIONS = (
					"DEBUG=1",
					"$(inherited)",
				);
				GCC_WARN_64_TO_32_BIT_CONVERSION = YES;
				GCC_WARN_ABOUT_RETURN_TYPE = YES_ERROR;
				GCC_WARN_UNDECLARED_SELECTOR = YES;
				GCC_WARN_UNINITIALIZED_AUTOS = YES_AGGRESSIVE;
				GCC_WARN_UNUSED_FUNCTION = YES;
				GCC_WARN_UNUSED_VARIABLE = YES;
				IPHONEOS_DEPLOYMENT_TARGET = 11.2;
				MTL_ENABLE_DEBUG_INFO = YES;
				ONLY_ACTIVE_ARCH = YES;
				SDKROOT = iphoneos;
				SWIFT_ACTIVE_COMPILATION_CONDITIONS = DEBUG;
				SWIFT_OPTIMIZATION_LEVEL = "-Onone";
			};
			name = Debug;
		};
		8BCA7AFB202186D900E98685 /* Release */ = {
			isa = XCBuildConfiguration;
			buildSettings = {
				ALWAYS_SEARCH_USER_PATHS = NO;
				CLANG_ANALYZER_NONNULL = YES;
				CLANG_ANALYZER_NUMBER_OBJECT_CONVERSION = YES_AGGRESSIVE;
				CLANG_CXX_LANGUAGE_STANDARD = "gnu++14";
				CLANG_CXX_LIBRARY = "libc++";
				CLANG_ENABLE_MODULES = YES;
				CLANG_ENABLE_OBJC_ARC = YES;
				CLANG_WARN_BLOCK_CAPTURE_AUTORELEASING = YES;
				CLANG_WARN_BOOL_CONVERSION = YES;
				CLANG_WARN_COMMA = YES;
				CLANG_WARN_CONSTANT_CONVERSION = YES;
				CLANG_WARN_DIRECT_OBJC_ISA_USAGE = YES_ERROR;
				CLANG_WARN_DOCUMENTATION_COMMENTS = YES;
				CLANG_WARN_EMPTY_BODY = YES;
				CLANG_WARN_ENUM_CONVERSION = YES;
				CLANG_WARN_INFINITE_RECURSION = YES;
				CLANG_WARN_INT_CONVERSION = YES;
				CLANG_WARN_NON_LITERAL_NULL_CONVERSION = YES;
				CLANG_WARN_OBJC_LITERAL_CONVERSION = YES;
				CLANG_WARN_OBJC_ROOT_CLASS = YES_ERROR;
				CLANG_WARN_RANGE_LOOP_ANALYSIS = YES;
				CLANG_WARN_STRICT_PROTOTYPES = YES;
				CLANG_WARN_SUSPICIOUS_MOVE = YES;
				CLANG_WARN_UNGUARDED_AVAILABILITY = YES_AGGRESSIVE;
				CLANG_WARN_UNREACHABLE_CODE = YES;
				CLANG_WARN__DUPLICATE_METHOD_MATCH = YES;
				CODE_SIGN_IDENTITY = "iPhone Developer";
				COPY_PHASE_STRIP = NO;
				DEBUG_INFORMATION_FORMAT = "dwarf-with-dsym";
				ENABLE_NS_ASSERTIONS = NO;
				ENABLE_STRICT_OBJC_MSGSEND = YES;
				GCC_C_LANGUAGE_STANDARD = gnu11;
				GCC_NO_COMMON_BLOCKS = YES;
				GCC_WARN_64_TO_32_BIT_CONVERSION = YES;
				GCC_WARN_ABOUT_RETURN_TYPE = YES_ERROR;
				GCC_WARN_UNDECLARED_SELECTOR = YES;
				GCC_WARN_UNINITIALIZED_AUTOS = YES_AGGRESSIVE;
				GCC_WARN_UNUSED_FUNCTION = YES;
				GCC_WARN_UNUSED_VARIABLE = YES;
				IPHONEOS_DEPLOYMENT_TARGET = 11.2;
				MTL_ENABLE_DEBUG_INFO = NO;
				SDKROOT = iphoneos;
				SWIFT_OPTIMIZATION_LEVEL = "-Owholemodule";
				VALIDATE_PRODUCT = YES;
			};
			name = Release;
		};
		8BCA7AFD202186D900E98685 /* Debug */ = {
			isa = XCBuildConfiguration;
			buildSettings = {
				ASSETCATALOG_COMPILER_APPICON_NAME = AppIcon;
				CODE_SIGN_STYLE = Automatic;
				INFOPLIST_FILE = CustomeCellDemo/Info.plist;
				LD_RUNPATH_SEARCH_PATHS = "$(inherited) @executable_path/Frameworks";
				PRODUCT_BUNDLE_IDENTIFIER = com.codekul.CustomeCellDemo;
				PRODUCT_NAME = "$(TARGET_NAME)";
				SWIFT_VERSION = 4.0;
				TARGETED_DEVICE_FAMILY = "1,2";
			};
			name = Debug;
		};
		8BCA7AFE202186D900E98685 /* Release */ = {
			isa = XCBuildConfiguration;
			buildSettings = {
				ASSETCATALOG_COMPILER_APPICON_NAME = AppIcon;
				CODE_SIGN_STYLE = Automatic;
				INFOPLIST_FILE = CustomeCellDemo/Info.plist;
				LD_RUNPATH_SEARCH_PATHS = "$(inherited) @executable_path/Frameworks";
				PRODUCT_BUNDLE_IDENTIFIER = com.codekul.CustomeCellDemo;
				PRODUCT_NAME = "$(TARGET_NAME)";
				SWIFT_VERSION = 4.0;
				TARGETED_DEVICE_FAMILY = "1,2";
			};
			name = Release;
		};
/* End XCBuildConfiguration section */

/* Begin XCConfigurationList section */
		8BCA7AE5202186D800E98685 /* Build configuration list for PBXProject "CustomeCellDemo" */ = {
			isa = XCConfigurationList;
			buildConfigurations = (
				8BCA7AFA202186D900E98685 /* Debug */,
				8BCA7AFB202186D900E98685 /* Release */,
			);
			defaultConfigurationIsVisible = 0;
			defaultConfigurationName = Release;
		};
		8BCA7AFC202186D900E98685 /* Build configuration list for PBXNativeTarget "CustomeCellDemo" */ = {
			isa = XCConfigurationList;
			buildConfigurations = (
				8BCA7AFD202186D900E98685 /* Debug */,
				8BCA7AFE202186D900E98685 /* Release */,
			);
			defaultConfigurationIsVisible = 0;
			defaultConfigurationName = Release;
		};
/* End XCConfigurationList section */
	};
	rootObject = 8BCA7AE2202186D800E98685 /* Project object */;
}
